Microsoft Visual Studio Solution File, Format Version 8.00
Project("{F184B08F-C81C-45F6-A57F-5ABD9991F28F}") = "DLL SetupAndCaliberate", "..\SRC\DLL SetupAndCaliberate\DLL SetupAndCaliberate.vbproj", "{04C543DB-2845-44F8-B6E0-5FD1B3467ECD}"
	ProjectSection(ProjectDependencies) = postProject
		{7FBD9B64-D1D7-4E03-9FF4-5B3A4D1109CC} = {7FBD9B64-D1D7-4E03-9FF4-5B3A4D1109CC}
		{976F71F7-D1AE-45C4-BBEF-0A485F5C962A} = {976F71F7-D1AE-45C4-BBEF-0A485F5C962A}
	EndProjectSection
EndProject
Project("{F184B08F-C81C-45F6-A57F-5ABD9991F28F}") = "DLL Export Device Vision", "..\SRC\DLL Export Device Vision\DLL Export Device Vision.vbproj", "{7FBD9B64-D1D7-4E03-9FF4-5B3A4D1109CC}"
	ProjectSection(ProjectDependencies) = postProject
		{976F71F7-D1AE-45C4-BBEF-0A485F5C962A} = {976F71F7-D1AE-45C4-BBEF-0A485F5C962A}
	EndProjectSection
EndProject
Project("{F184B08F-C81C-45F6-A57F-5ABD9991F28F}") = "DLL DataManager", "..\SRC\DLL DataManager\DLL DataManager.vbproj", "{976F71F7-D1AE-45C4-BBEF-0A485F5C962A}"
	ProjectSection(ProjectDependencies) = postProject
	EndProjectSection
EndProject
Project("{F184B08F-C81C-45F6-A57F-5ABD9991F28F}") = "DLL Execution", "..\SRC\DLL Execution\DLL Execution.vbproj", "{00F7ACC6-5822-4B5A-8979-F390EF5C38EA}"
	ProjectSection(ProjectDependencies) = postProject
	EndProjectSection
EndProject
Project("{F184B08F-C81C-45F6-A57F-5ABD9991F28F}") = "IDSProject", "IDSProject.vbproj", "{6F443588-4E86-492F-B674-D64C2D796065}"
	ProjectSection(ProjectDependencies) = postProject
	EndProjectSection
EndProject
Project("{F184B08F-C81C-45F6-A57F-5ABD9991F28F}") = "DLL Export Service", "..\SRC\DLL Export Service\DLL Export Service.vbproj", "{1FE839CF-8CF7-443F-B7D6-2D0AC490C00E}"
	ProjectSection(ProjectDependencies) = postProject
	EndProjectSection
EndProject
Project("{F184B08F-C81C-45F6-A57F-5ABD9991F28F}") = "DLL Export Device Motor", "..\SRC\DLL Export Device Motor\DLL Export Device Motor.vbproj", "{9A844E95-E935-464C-9570-B04DCF7EAE0C}"
	ProjectSection(ProjectDependencies) = postProject
	EndProjectSection
EndProject
Project("{F184B08F-C81C-45F6-A57F-5ABD9991F28F}") = "DLL Serial Communication", "..\SRC\DLL Serial Communication\DLL Serial Communication.vbproj", "{3B5887C1-0CFB-4515-BF54-8637BE091012}"
	ProjectSection(ProjectDependencies) = postProject
	EndProjectSection
EndProject
Project("{F184B08F-C81C-45F6-A57F-5ABD9991F28F}") = "VolumeCalibration", "..\SRC\VolumeCalibration\VolumeCalibration.vbproj", "{126F3C40-5C5B-4DD2-9EF0-5F5D0A8B7DF1}"
	ProjectSection(ProjectDependencies) = postProject
	EndProjectSection
EndProject
Project("{F184B08F-C81C-45F6-A57F-5ABD9991F28F}") = "WeightScale", "..\SRC\WeightScale\WeightScale.vbproj", "{C720F5E6-A071-483C-A81C-A2D6EAEE081D}"
	ProjectSection(ProjectDependencies) = postProject
	EndProjectSection
EndProject
Project("{F184B08F-C81C-45F6-A57F-5ABD9991F28F}") = "Sartorius_WZA", "..\SRC\Sartorius_WZA\Sartorius_WZA.vbproj", "{C059326C-E1F5-47C0-B292-845294F2724F}"
	ProjectSection(ProjectDependencies) = postProject
	EndProjectSection
EndProject
Project("{F184B08F-C81C-45F6-A57F-5ABD9991F28F}") = "PLC", "..\SRC\IPLC\PLC.vbproj", "{B0E255C0-EEA2-420B-AA1F-48C1A53D53D4}"
	ProjectSection(ProjectDependencies) = postProject
	EndProjectSection
EndProject
Project("{F184B08F-C81C-45F6-A57F-5ABD9991F28F}") = "PLCConveyor", "..\SRC\Conveyor\PLCConveyor.vbproj", "{03585433-2D6D-44DA-BEA3-EEA129294A73}"
	ProjectSection(ProjectDependencies) = postProject
	EndProjectSection
EndProject
Project("{F184B08F-C81C-45F6-A57F-5ABD9991F28F}") = "ILaser", "..\SRC\ILaser\ILaser.vbproj", "{54E5C587-314E-44D0-A203-2B46E1DB2341}"
	ProjectSection(ProjectDependencies) = postProject
	EndProjectSection
EndProject
Project("{F184B08F-C81C-45F6-A57F-5ABD9991F28F}") = "LaserILD1402", "..\SRC\LaserILD1402\LaserILD1402.vbproj", "{3608A3D3-D789-4EE7-943F-9CDA601F17EA}"
	ProjectSection(ProjectDependencies) = postProject
	EndProjectSection
EndProject
Global
	GlobalSection(SolutionConfiguration) = preSolution
		Debug = Debug
		Release = Release
	EndGlobalSection
	GlobalSection(ProjectDependencies) = postSolution
	EndGlobalSection
	GlobalSection(ProjectConfiguration) = postSolution
		{04C543DB-2845-44F8-B6E0-5FD1B3467ECD}.Debug.ActiveCfg = Debug|.NET
		{04C543DB-2845-44F8-B6E0-5FD1B3467ECD}.Debug.Build.0 = Debug|.NET
		{04C543DB-2845-44F8-B6E0-5FD1B3467ECD}.Release.ActiveCfg = Release|.NET
		{04C543DB-2845-44F8-B6E0-5FD1B3467ECD}.Release.Build.0 = Release|.NET
		{7FBD9B64-D1D7-4E03-9FF4-5B3A4D1109CC}.Debug.ActiveCfg = Debug|.NET
		{7FBD9B64-D1D7-4E03-9FF4-5B3A4D1109CC}.Debug.Build.0 = Debug|.NET
		{7FBD9B64-D1D7-4E03-9FF4-5B3A4D1109CC}.Release.ActiveCfg = Release|.NET
		{7FBD9B64-D1D7-4E03-9FF4-5B3A4D1109CC}.Release.Build.0 = Release|.NET
		{976F71F7-D1AE-45C4-BBEF-0A485F5C962A}.Debug.ActiveCfg = Debug|.NET
		{976F71F7-D1AE-45C4-BBEF-0A485F5C962A}.Debug.Build.0 = Debug|.NET
		{976F71F7-D1AE-45C4-BBEF-0A485F5C962A}.Release.ActiveCfg = Release|.NET
		{976F71F7-D1AE-45C4-BBEF-0A485F5C962A}.Release.Build.0 = Release|.NET
		{00F7ACC6-5822-4B5A-8979-F390EF5C38EA}.Debug.ActiveCfg = Debug|.NET
		{00F7ACC6-5822-4B5A-8979-F390EF5C38EA}.Debug.Build.0 = Debug|.NET
		{00F7ACC6-5822-4B5A-8979-F390EF5C38EA}.Release.ActiveCfg = Release|.NET
		{00F7ACC6-5822-4B5A-8979-F390EF5C38EA}.Release.Build.0 = Release|.NET
		{6F443588-4E86-492F-B674-D64C2D796065}.Debug.ActiveCfg = Debug|.NET
		{6F443588-4E86-492F-B674-D64C2D796065}.Debug.Build.0 = Debug|.NET
		{6F443588-4E86-492F-B674-D64C2D796065}.Release.ActiveCfg = Release|.NET
		{6F443588-4E86-492F-B674-D64C2D796065}.Release.Build.0 = Release|.NET
		{1FE839CF-8CF7-443F-B7D6-2D0AC490C00E}.Debug.ActiveCfg = Debug|.NET
		{1FE839CF-8CF7-443F-B7D6-2D0AC490C00E}.Debug.Build.0 = Debug|.NET
		{1FE839CF-8CF7-443F-B7D6-2D0AC490C00E}.Release.ActiveCfg = Release|.NET
		{1FE839CF-8CF7-443F-B7D6-2D0AC490C00E}.Release.Build.0 = Release|.NET
		{9A844E95-E935-464C-9570-B04DCF7EAE0C}.Debug.ActiveCfg = Debug|.NET
		{9A844E95-E935-464C-9570-B04DCF7EAE0C}.Debug.Build.0 = Debug|.NET
		{9A844E95-E935-464C-9570-B04DCF7EAE0C}.Release.ActiveCfg = Release|.NET
		{9A844E95-E935-464C-9570-B04DCF7EAE0C}.Release.Build.0 = Release|.NET
		{3B5887C1-0CFB-4515-BF54-8637BE091012}.Debug.ActiveCfg = Debug|.NET
		{3B5887C1-0CFB-4515-BF54-8637BE091012}.Debug.Build.0 = Debug|.NET
		{3B5887C1-0CFB-4515-BF54-8637BE091012}.Release.ActiveCfg = Release|.NET
		{3B5887C1-0CFB-4515-BF54-8637BE091012}.Release.Build.0 = Release|.NET
		{126F3C40-5C5B-4DD2-9EF0-5F5D0A8B7DF1}.Debug.ActiveCfg = Debug|.NET
		{126F3C40-5C5B-4DD2-9EF0-5F5D0A8B7DF1}.Debug.Build.0 = Debug|.NET
		{126F3C40-5C5B-4DD2-9EF0-5F5D0A8B7DF1}.Release.ActiveCfg = Release|.NET
		{126F3C40-5C5B-4DD2-9EF0-5F5D0A8B7DF1}.Release.Build.0 = Release|.NET
		{C720F5E6-A071-483C-A81C-A2D6EAEE081D}.Debug.ActiveCfg = Debug|.NET
		{C720F5E6-A071-483C-A81C-A2D6EAEE081D}.Debug.Build.0 = Debug|.NET
		{C720F5E6-A071-483C-A81C-A2D6EAEE081D}.Release.ActiveCfg = Release|.NET
		{C720F5E6-A071-483C-A81C-A2D6EAEE081D}.Release.Build.0 = Release|.NET
		{C059326C-E1F5-47C0-B292-845294F2724F}.Debug.ActiveCfg = Debug|.NET
		{C059326C-E1F5-47C0-B292-845294F2724F}.Debug.Build.0 = Debug|.NET
		{C059326C-E1F5-47C0-B292-845294F2724F}.Release.ActiveCfg = Release|.NET
		{C059326C-E1F5-47C0-B292-845294F2724F}.Release.Build.0 = Release|.NET
		{B0E255C0-EEA2-420B-AA1F-48C1A53D53D4}.Debug.ActiveCfg = Debug|.NET
		{B0E255C0-EEA2-420B-AA1F-48C1A53D53D4}.Debug.Build.0 = Debug|.NET
		{B0E255C0-EEA2-420B-AA1F-48C1A53D53D4}.Release.ActiveCfg = Release|.NET
		{B0E255C0-EEA2-420B-AA1F-48C1A53D53D4}.Release.Build.0 = Release|.NET
		{03585433-2D6D-44DA-BEA3-EEA129294A73}.Debug.ActiveCfg = Debug|.NET
		{03585433-2D6D-44DA-BEA3-EEA129294A73}.Debug.Build.0 = Debug|.NET
		{03585433-2D6D-44DA-BEA3-EEA129294A73}.Release.ActiveCfg = Release|.NET
		{03585433-2D6D-44DA-BEA3-EEA129294A73}.Release.Build.0 = Release|.NET
		{54E5C587-314E-44D0-A203-2B46E1DB2341}.Debug.ActiveCfg = Debug|.NET
		{54E5C587-314E-44D0-A203-2B46E1DB2341}.Debug.Build.0 = Debug|.NET
		{54E5C587-314E-44D0-A203-2B46E1DB2341}.Release.ActiveCfg = Release|.NET
		{54E5C587-314E-44D0-A203-2B46E1DB2341}.Release.Build.0 = Release|.NET
		{3608A3D3-D789-4EE7-943F-9CDA601F17EA}.Debug.ActiveCfg = Debug|.NET
		{3608A3D3-D789-4EE7-943F-9CDA601F17EA}.Debug.Build.0 = Debug|.NET
		{3608A3D3-D789-4EE7-943F-9CDA601F17EA}.Release.ActiveCfg = Release|.NET
		{3608A3D3-D789-4EE7-943F-9CDA601F17EA}.Release.Build.0 = Release|.NET
	EndGlobalSection
	GlobalSection(ExtensibilityGlobals) = postSolution
	EndGlobalSection
	GlobalSection(ExtensibilityAddIns) = postSolution
	EndGlobalSection
EndGlobal
